
Microsoft Visual Studio Solution File, Format Version 12.00
# Visual Studio Version 17
VisualStudioVersion = 17.4.33122.133
MinimumVisualStudioVersion = 10.0.40219.1
Project("{F2A71F9B-5D33-465A-A702-920D77279786}") = "AofC_2022", "AofC_2022\AofC_2022.fsproj", "{4EF058B0-A7BB-42EE-8746-107B61501D2D}"
EndProject
Project("{F2A71F9B-5D33-465A-A702-920D77279786}") = "AofC_2022.Tests", "AofC_2022.Tests\AofC_2022.Tests.fsproj", "{0BFF97E4-3081-47B4-A8CF-B9C74341556B}"
EndProject
Global
	GlobalSection(SolutionConfigurationPlatforms) = preSolution
		Debug|Any CPU = Debug|Any CPU
		Release|Any CPU = Release|Any CPU
	EndGlobalSection
	GlobalSection(ProjectConfigurationPlatforms) = postSolution
		{4EF058B0-A7BB-42EE-8746-107B61501D2D}.Debug|Any CPU.ActiveCfg = Debug|Any CPU
		{4EF058B0-A7BB-42EE-8746-107B61501D2D}.Debug|Any CPU.Build.0 = Debug|Any CPU
		{4EF058B0-A7BB-42EE-8746-107B61501D2D}.Release|Any CPU.ActiveCfg = Release|Any CPU
		{4EF058B0-A7BB-42EE-8746-107B61501D2D}.Release|Any CPU.Build.0 = Release|Any CPU
		{0BFF97E4-3081-47B4-A8CF-B9C74341556B}.Debug|Any CPU.ActiveCfg = Debug|Any CPU
		{0BFF97E4-3081-47B4-A8CF-B9C74341556B}.Debug|Any CPU.Build.0 = Debug|Any CPU
		{0BFF97E4-3081-47B4-A8CF-B9C74341556B}.Release|Any CPU.ActiveCfg = Release|Any CPU
		{0BFF97E4-3081-47B4-A8CF-B9C74341556B}.Release|Any CPU.Build.0 = Release|Any CPU
	EndGlobalSection
	GlobalSection(SolutionProperties) = preSolution
		HideSolutionNode = FALSE
	EndGlobalSection
	GlobalSection(ExtensibilityGlobals) = postSolution
		SolutionGuid = {CCBE812B-0B17-4D8F-8BBF-4ABA54016751}
	EndGlobalSection
EndGlobal
